{
  "requires": true,
  "lockfileVersion": 1,
  "dependencies": {
    "babylonjs": {
      "version": "3.2.0-beta.5",
      "resolved": "https://registry.npmjs.org/babylonjs/-/babylonjs-3.2.0-beta.5.tgz",
      "integrity": "sha512-L9ch/lvVLRt1thBnKZThb8pJUZfGxWtuqB6xDIT1JzZ+ZaVyGoCW6OByGIgJeBdxi3cyeR794SdsF5PXPIPTTg=="
    }
  }
}
